
Microsoft Visual Studio Solution File, Format Version 10.00
# Visual C# Express 2008
Project("{FAE04EC0-301F-11D3-BF4B-00C04F79EFBC}") = "Parasite", "Parasite\Parasite.csproj", "{7B2CE410-AC3D-4605-9EE9-A1E8A1D52EB3}"
EndProject
Global
	GlobalSection(SolutionConfigurationPlatforms) = preSolution
		Debug|x86 = Debug|x86
		Release|x86 = Release|x86
	EndGlobalSection
	GlobalSection(ProjectConfigurationPlatforms) = postSolution
		{7B2CE410-AC3D-4605-9EE9-A1E8A1D52EB3}.Debug|x86.ActiveCfg = Debug|x86
		{7B2CE410-AC3D-4605-9EE9-A1E8A1D52EB3}.Debug|x86.Build.0 = Debug|x86
		{7B2CE410-AC3D-4605-9EE9-A1E8A1D52EB3}.Release|x86.ActiveCfg = Release|x86
		{7B2CE410-AC3D-4605-9EE9-A1E8A1D52EB3}.Release|x86.Build.0 = Release|x86
		{07AB5F31-0163-49D5-A233-696E761F5989}.Debug|x86.ActiveCfg = Debug|x86
		{07AB5F31-0163-49D5-A233-696E761F5989}.Release|x86.ActiveCfg = Release|x86
	EndGlobalSection
	GlobalSection(SolutionProperties) = preSolution
		HideSolutionNode = FALSE
	EndGlobalSection
EndGlobal
